// !$*UTF8*$!
{
	archiveVersion = 1;
	classes = {
	};
	objectVersion = 55;
	objects = {

/* Begin PBXBuildFile section */
		C01391B6299D34BB008B74F8 /* FavoriteService.swift in Sources */ = {isa = PBXBuildFile; fileRef = C01391B5299D34BB008B74F8 /* FavoriteService.swift */; };
		C01391BC299E3F08008B74F8 /* StockDetailViewController.swift in Sources */ = {isa = PBXBuildFile; fileRef = C01391BB299E3F08008B74F8 /* StockDetailViewController.swift */; };
		C01391BE299E3F68008B74F8 /* StockDetailPresenter.swift in Sources */ = {isa = PBXBuildFile; fileRef = C01391BD299E3F67008B74F8 /* StockDetailPresenter.swift */; };
		C01391C0299E550F008B74F8 /* FavoriteUpdateService.swift in Sources */ = {isa = PBXBuildFile; fileRef = C01391BF299E550F008B74F8 /* FavoriteUpdateService.swift */; };
		C01391C2299E5686008B74F8 /* FileManagerFavoriteService.swift in Sources */ = {isa = PBXBuildFile; fileRef = C01391C1299E5686008B74F8 /* FileManagerFavoriteService.swift */; };
		C01391EA29A686A2008B74F8 /* ChartsResponce.swift in Sources */ = {isa = PBXBuildFile; fileRef = C01391E929A686A2008B74F8 /* ChartsResponce.swift */; };
		C01391EC29AB56ED008B74F8 /* DetailTitleView.swift in Sources */ = {isa = PBXBuildFile; fileRef = C01391EB29AB56ED008B74F8 /* DetailTitleView.swift */; };
		C01391F129AB59C0008B74F8 /* FavoriteViewController.swift in Sources */ = {isa = PBXBuildFile; fileRef = C01391F029AB59C0008B74F8 /* FavoriteViewController.swift */; };
		C01391F329AB5A5B008B74F8 /* FavoritePresenter.swift in Sources */ = {isa = PBXBuildFile; fileRef = C01391F229AB5A5B008B74F8 /* FavoritePresenter.swift */; };
		C01391F529AB7378008B74F8 /* ChartsContainerView.swift in Sources */ = {isa = PBXBuildFile; fileRef = C01391F429AB7378008B74F8 /* ChartsContainerView.swift */; };
		C013920029AB903A008B74F8 /* Algorithms in Frameworks */ = {isa = PBXBuildFile; productRef = C01391FF29AB903A008B74F8 /* Algorithms */; };
		C013920329AB906A008B74F8 /* Charts in Frameworks */ = {isa = PBXBuildFile; productRef = C013920229AB906A008B74F8 /* Charts */; };
		C028A05B298158300012CE9B /* Router.swift in Sources */ = {isa = PBXBuildFile; fileRef = C028A058298158300012CE9B /* Router.swift */; };
		C028A05C298158300012CE9B /* HTTPMethod.swift in Sources */ = {isa = PBXBuildFile; fileRef = C028A059298158300012CE9B /* HTTPMethod.swift */; };
		C028A05D298158300012CE9B /* NetworkError.swift in Sources */ = {isa = PBXBuildFile; fileRef = C028A05A298158300012CE9B /* NetworkError.swift */; };
		C0487513297A9E3800B3B653 /* Montserrat-Regular.ttf in Resources */ = {isa = PBXBuildFile; fileRef = C0487512297A9E3800B3B653 /* Montserrat-Regular.ttf */; };
		C0487515297A9E5300B3B653 /* Montserrat-Bold.ttf in Resources */ = {isa = PBXBuildFile; fileRef = C0487514297A9E5300B3B653 /* Montserrat-Bold.ttf */; };
		C0487517297A9E6500B3B653 /* Montserrat-SemiBold.ttf in Resources */ = {isa = PBXBuildFile; fileRef = C0487516297A9E6500B3B653 /* Montserrat-SemiBold.ttf */; };
		C048751A297A9E7800B3B653 /* Montserrat-Medium.ttf in Resources */ = {isa = PBXBuildFile; fileRef = C0487519297A9E7800B3B653 /* Montserrat-Medium.ttf */; };
		C048751C297A9E8B00B3B653 /* UIFont+Ext.swift in Sources */ = {isa = PBXBuildFile; fileRef = C048751B297A9E8B00B3B653 /* UIFont+Ext.swift */; };
		C048751F297AA02400B3B653 /* UIColor+Ext.swift in Sources */ = {isa = PBXBuildFile; fileRef = C048751E297AA02400B3B653 /* UIColor+Ext.swift */; };
		C07E5E922989B624004B2654 /* NetworkService.swift in Sources */ = {isa = PBXBuildFile; fileRef = C07E5E912989B624004B2654 /* NetworkService.swift */; };
		C08A8A47298FE0F50004D152 /* StockModel.swift in Sources */ = {isa = PBXBuildFile; fileRef = C08A8A46298FE0F50004D152 /* StockModel.swift */; };
		C08A8A49298FE1530004D152 /* Double+Ext.swift in Sources */ = {isa = PBXBuildFile; fileRef = C08A8A48298FE1530004D152 /* Double+Ext.swift */; };
		C09256442978768400C342B1 /* StockCell.swift in Sources */ = {isa = PBXBuildFile; fileRef = C09256432978768400C342B1 /* StockCell.swift */; };
		C09256492979927800C342B1 /* NSObject+Ext.swift in Sources */ = {isa = PBXBuildFile; fileRef = C09256482979927800C342B1 /* NSObject+Ext.swift */; };
		C0C24DAB298AC528008E285A /* StocksService.swift in Sources */ = {isa = PBXBuildFile; fileRef = C0C24DAA298AC528008E285A /* StocksService.swift */; };
		C0C24DB0298AC6F1008E285A /* StockResponse.swift in Sources */ = {isa = PBXBuildFile; fileRef = C0C24DAF298AC6F1008E285A /* StockResponse.swift */; };
		C0C24DC3298AF0F9008E285A /* StocksRouter.swift in Sources */ = {isa = PBXBuildFile; fileRef = C0C24DC2298AF0F9008E285A /* StocksRouter.swift */; };
		C0C24DC5298AF550008E285A /* Assembly.swift in Sources */ = {isa = PBXBuildFile; fileRef = C0C24DC4298AF550008E285A /* Assembly.swift */; };
		C0C24DC9298BD086008E285A /* StocksPresenter.swift in Sources */ = {isa = PBXBuildFile; fileRef = C0C24DC8298BD086008E285A /* StocksPresenter.swift */; };
		C0D094A329743373008359A4 /* AppDelegate.swift in Sources */ = {isa = PBXBuildFile; fileRef = C0D094A229743373008359A4 /* AppDelegate.swift */; };
		C0D094A729743373008359A4 /* StocksViewController.swift in Sources */ = {isa = PBXBuildFile; fileRef = C0D094A629743373008359A4 /* StocksViewController.swift */; };
		C0D094AC29743374008359A4 /* Assets.xcassets in Resources */ = {isa = PBXBuildFile; fileRef = C0D094AB29743374008359A4 /* Assets.xcassets */; };
		C0D094AF29743374008359A4 /* LaunchScreen.storyboard in Resources */ = {isa = PBXBuildFile; fileRef = C0D094AD29743374008359A4 /* LaunchScreen.storyboard */; };
/* End PBXBuildFile section */

/* Begin PBXFileReference section */
		C01391B5299D34BB008B74F8 /* FavoriteService.swift */ = {isa = PBXFileReference; lastKnownFileType = sourcecode.swift; path = FavoriteService.swift; sourceTree = "<group>"; };
		C01391BB299E3F08008B74F8 /* StockDetailViewController.swift */ = {isa = PBXFileReference; lastKnownFileType = sourcecode.swift; path = StockDetailViewController.swift; sourceTree = "<group>"; };
		C01391BD299E3F67008B74F8 /* StockDetailPresenter.swift */ = {isa = PBXFileReference; lastKnownFileType = sourcecode.swift; path = StockDetailPresenter.swift; sourceTree = "<group>"; };
		C01391BF299E550F008B74F8 /* FavoriteUpdateService.swift */ = {isa = PBXFileReference; lastKnownFileType = sourcecode.swift; path = FavoriteUpdateService.swift; sourceTree = "<group>"; };
		C01391C1299E5686008B74F8 /* FileManagerFavoriteService.swift */ = {isa = PBXFileReference; lastKnownFileType = sourcecode.swift; path = FileManagerFavoriteService.swift; sourceTree = "<group>"; };
		C01391E929A686A2008B74F8 /* ChartsResponce.swift */ = {isa = PBXFileReference; lastKnownFileType = sourcecode.swift; path = ChartsResponce.swift; sourceTree = "<group>"; };
		C01391EB29AB56ED008B74F8 /* DetailTitleView.swift */ = {isa = PBXFileReference; lastKnownFileType = sourcecode.swift; path = DetailTitleView.swift; sourceTree = "<group>"; };
		C01391F029AB59C0008B74F8 /* FavoriteViewController.swift */ = {isa = PBXFileReference; lastKnownFileType = sourcecode.swift; path = FavoriteViewController.swift; sourceTree = "<group>"; };
		C01391F229AB5A5B008B74F8 /* FavoritePresenter.swift */ = {isa = PBXFileReference; lastKnownFileType = sourcecode.swift; path = FavoritePresenter.swift; sourceTree = "<group>"; };
		C01391F429AB7378008B74F8 /* ChartsContainerView.swift */ = {isa = PBXFileReference; lastKnownFileType = sourcecode.swift; path = ChartsContainerView.swift; sourceTree = "<group>"; };
		C028A058298158300012CE9B /* Router.swift */ = {isa = PBXFileReference; fileEncoding = 4; lastKnownFileType = sourcecode.swift; path = Router.swift; sourceTree = "<group>"; };
		C028A059298158300012CE9B /* HTTPMethod.swift */ = {isa = PBXFileReference; fileEncoding = 4; lastKnownFileType = sourcecode.swift; path = HTTPMethod.swift; sourceTree = "<group>"; };
		C028A05A298158300012CE9B /* NetworkError.swift */ = {isa = PBXFileReference; fileEncoding = 4; lastKnownFileType = sourcecode.swift; path = NetworkError.swift; sourceTree = "<group>"; };
		C0487512297A9E3800B3B653 /* Montserrat-Regular.ttf */ = {isa = PBXFileReference; lastKnownFileType = file; path = "Montserrat-Regular.ttf"; sourceTree = "<group>"; };
		C0487514297A9E5300B3B653 /* Montserrat-Bold.ttf */ = {isa = PBXFileReference; lastKnownFileType = file; path = "Montserrat-Bold.ttf"; sourceTree = "<group>"; };
		C0487516297A9E6500B3B653 /* Montserrat-SemiBold.ttf */ = {isa = PBXFileReference; lastKnownFileType = file; path = "Montserrat-SemiBold.ttf"; sourceTree = "<group>"; };
		C0487519297A9E7800B3B653 /* Montserrat-Medium.ttf */ = {isa = PBXFileReference; lastKnownFileType = file; path = "Montserrat-Medium.ttf"; sourceTree = "<group>"; };
		C048751B297A9E8B00B3B653 /* UIFont+Ext.swift */ = {isa = PBXFileReference; lastKnownFileType = sourcecode.swift; path = "UIFont+Ext.swift"; sourceTree = "<group>"; };
		C048751E297AA02400B3B653 /* UIColor+Ext.swift */ = {isa = PBXFileReference; lastKnownFileType = sourcecode.swift; path = "UIColor+Ext.swift"; sourceTree = "<group>"; };
		C07E5E912989B624004B2654 /* NetworkService.swift */ = {isa = PBXFileReference; lastKnownFileType = sourcecode.swift; path = NetworkService.swift; sourceTree = "<group>"; };
		C08A8A46298FE0F50004D152 /* StockModel.swift */ = {isa = PBXFileReference; lastKnownFileType = sourcecode.swift; path = StockModel.swift; sourceTree = "<group>"; };
		C08A8A48298FE1530004D152 /* Double+Ext.swift */ = {isa = PBXFileReference; lastKnownFileType = sourcecode.swift; path = "Double+Ext.swift"; sourceTree = "<group>"; };
		C09256432978768400C342B1 /* StockCell.swift */ = {isa = PBXFileReference; lastKnownFileType = sourcecode.swift; path = StockCell.swift; sourceTree = "<group>"; };
		C09256482979927800C342B1 /* NSObject+Ext.swift */ = {isa = PBXFileReference; lastKnownFileType = sourcecode.swift; path = "NSObject+Ext.swift"; sourceTree = "<group>"; };
		C0C24DAA298AC528008E285A /* StocksService.swift */ = {isa = PBXFileReference; lastKnownFileType = sourcecode.swift; path = StocksService.swift; sourceTree = "<group>"; };
		C0C24DAF298AC6F1008E285A /* StockResponse.swift */ = {isa = PBXFileReference; lastKnownFileType = sourcecode.swift; path = StockResponse.swift; sourceTree = "<group>"; };
		C0C24DC2298AF0F9008E285A /* StocksRouter.swift */ = {isa = PBXFileReference; lastKnownFileType = sourcecode.swift; path = StocksRouter.swift; sourceTree = "<group>"; };
		C0C24DC4298AF550008E285A /* Assembly.swift */ = {isa = PBXFileReference; lastKnownFileType = sourcecode.swift; path = Assembly.swift; sourceTree = "<group>"; };
		C0C24DC8298BD086008E285A /* StocksPresenter.swift */ = {isa = PBXFileReference; lastKnownFileType = sourcecode.swift; path = StocksPresenter.swift; sourceTree = "<group>"; };
		C0D0949F29743373008359A4 /* StockApp.app */ = {isa = PBXFileReference; explicitFileType = wrapper.application; includeInIndex = 0; path = StockApp.app; sourceTree = BUILT_PRODUCTS_DIR; };
		C0D094A229743373008359A4 /* AppDelegate.swift */ = {isa = PBXFileReference; lastKnownFileType = sourcecode.swift; path = AppDelegate.swift; sourceTree = "<group>"; };
		C0D094A629743373008359A4 /* StocksViewController.swift */ = {isa = PBXFileReference; lastKnownFileType = sourcecode.swift; path = StocksViewController.swift; sourceTree = "<group>"; };
		C0D094AB29743374008359A4 /* Assets.xcassets */ = {isa = PBXFileReference; lastKnownFileType = folder.assetcatalog; path = Assets.xcassets; sourceTree = "<group>"; };
		C0D094AE29743374008359A4 /* Base */ = {isa = PBXFileReference; lastKnownFileType = file.storyboard; name = Base; path = Base.lproj/LaunchScreen.storyboard; sourceTree = "<group>"; };
		C0D094B029743374008359A4 /* Info.plist */ = {isa = PBXFileReference; lastKnownFileType = text.plist.xml; path = Info.plist; sourceTree = "<group>"; };
/* End PBXFileReference section */

/* Begin PBXFrameworksBuildPhase section */
		C0D0949C29743373008359A4 /* Frameworks */ = {
			isa = PBXFrameworksBuildPhase;
			buildActionMask = 2147483647;
			files = (
				C013920029AB903A008B74F8 /* Algorithms in Frameworks */,
				C013920329AB906A008B74F8 /* Charts in Frameworks */,
			);
			runOnlyForDeploymentPostprocessing = 0;
		};
/* End PBXFrameworksBuildPhase section */

/* Begin PBXGroup section */
		C01391B3299D344B008B74F8 /* NetworkService */ = {
			isa = PBXGroup;
			children = (
				C028A058298158300012CE9B /* Router.swift */,
				C028A05A298158300012CE9B /* NetworkError.swift */,
				C028A059298158300012CE9B /* HTTPMethod.swift */,
				C07E5E912989B624004B2654 /* NetworkService.swift */,
			);
			path = NetworkService;
			sourceTree = "<group>";
		};
		C01391B4299D3453008B74F8 /* FavoriteService */ = {
			isa = PBXGroup;
			children = (
				C01391B5299D34BB008B74F8 /* FavoriteService.swift */,
				C01391BF299E550F008B74F8 /* FavoriteUpdateService.swift */,
				C01391C1299E5686008B74F8 /* FileManagerFavoriteService.swift */,
			);
			path = FavoriteService;
			sourceTree = "<group>";
		};
		C01391B7299E3DC3008B74F8 /* StockDetailScreen */ = {
			isa = PBXGroup;
			children = (
				C01391B8299E3DE8008B74F8 /* Model */,
				C01391BA299E3DFB008B74F8 /* Presenter */,
				C01391B9299E3DEF008B74F8 /* View */,
				C01391E829A68696008B74F8 /* Service */,
			);
			path = StockDetailScreen;
			sourceTree = "<group>";
		};
		C01391B8299E3DE8008B74F8 /* Model */ = {
			isa = PBXGroup;
			children = (
			);
			path = Model;
			sourceTree = "<group>";
		};
		C01391B9299E3DEF008B74F8 /* View */ = {
			isa = PBXGroup;
			children = (
				C01391BB299E3F08008B74F8 /* StockDetailViewController.swift */,
				C01391EB29AB56ED008B74F8 /* DetailTitleView.swift */,
				C01391F429AB7378008B74F8 /* ChartsContainerView.swift */,
			);
			path = View;
			sourceTree = "<group>";
		};
		C01391BA299E3DFB008B74F8 /* Presenter */ = {
			isa = PBXGroup;
			children = (
				C01391BD299E3F67008B74F8 /* StockDetailPresenter.swift */,
			);
			path = Presenter;
			sourceTree = "<group>";
		};
		C01391E829A68696008B74F8 /* Service */ = {
			isa = PBXGroup;
			children = (
				C01391E929A686A2008B74F8 /* ChartsResponce.swift */,
			);
			path = Service;
			sourceTree = "<group>";
		};
		C01391ED29AB599F008B74F8 /* StockFavoriteScreen */ = {
			isa = PBXGroup;
			children = (
				C01391EE29AB59AA008B74F8 /* View */,
				C01391EF29AB59B0008B74F8 /* Presenter */,
			);
			path = StockFavoriteScreen;
			sourceTree = "<group>";
		};
		C01391EE29AB59AA008B74F8 /* View */ = {
			isa = PBXGroup;
			children = (
				C01391F029AB59C0008B74F8 /* FavoriteViewController.swift */,
			);
			path = View;
			sourceTree = "<group>";
		};
		C01391EF29AB59B0008B74F8 /* Presenter */ = {
			isa = PBXGroup;
			children = (
				C01391F229AB5A5B008B74F8 /* FavoritePresenter.swift */,
			);
			path = Presenter;
			sourceTree = "<group>";
		};
		C028A057298158220012CE9B /* Service */ = {
			isa = PBXGroup;
			children = (
				C01391B4299D3453008B74F8 /* FavoriteService */,
				C01391B3299D344B008B74F8 /* NetworkService */,
			);
			path = Service;
			sourceTree = "<group>";
		};
		C0487511297A9E2800B3B653 /* Fonts */ = {
			isa = PBXGroup;
			children = (
				C0487512297A9E3800B3B653 /* Montserrat-Regular.ttf */,
				C0487514297A9E5300B3B653 /* Montserrat-Bold.ttf */,
				C0487519297A9E7800B3B653 /* Montserrat-Medium.ttf */,
				C0487516297A9E6500B3B653 /* Montserrat-SemiBold.ttf */,
			);
			path = Fonts;
			sourceTree = "<group>";
		};
		C07E5E932989BCB1004B2654 /* Service */ = {
			isa = PBXGroup;
			children = (
				C0C24DC2298AF0F9008E285A /* StocksRouter.swift */,
				C0C24DAA298AC528008E285A /* StocksService.swift */,
				C0C24DAF298AC6F1008E285A /* StockResponse.swift */,
			);
			path = Service;
			sourceTree = "<group>";
		};
		C09256452979923700C342B1 /* Resoucres */ = {
			isa = PBXGroup;
			children = (
				C0487511297A9E2800B3B653 /* Fonts */,
				C0D094AB29743374008359A4 /* Assets.xcassets */,
			);
			path = Resoucres;
			sourceTree = "<group>";
		};
		C09256462979925700C342B1 /* Core */ = {
			isa = PBXGroup;
			children = (
				C028A057298158220012CE9B /* Service */,
				C09256472979925C00C342B1 /* Extensions */,
				C0C24DC4298AF550008E285A /* Assembly.swift */,
			);
			path = Core;
			sourceTree = "<group>";
		};
		C09256472979925C00C342B1 /* Extensions */ = {
			isa = PBXGroup;
			children = (
				C09256482979927800C342B1 /* NSObject+Ext.swift */,
				C048751B297A9E8B00B3B653 /* UIFont+Ext.swift */,
				C048751E297AA02400B3B653 /* UIColor+Ext.swift */,
				C08A8A48298FE1530004D152 /* Double+Ext.swift */,
			);
			path = Extensions;
			sourceTree = "<group>";
		};
		C092564A297992EC00C342B1 /* Screens */ = {
			isa = PBXGroup;
			children = (
				C01391ED29AB599F008B74F8 /* StockFavoriteScreen */,
				C01391B7299E3DC3008B74F8 /* StockDetailScreen */,
				C092564B297992F800C342B1 /* StocksScreen */,
			);
			path = Screens;
			sourceTree = "<group>";
		};
		C092564B297992F800C342B1 /* StocksScreen */ = {
			isa = PBXGroup;
			children = (
				C0C24DC7298BCFCE008E285A /* Model */,
				C092564F2979937500C342B1 /* View */,
				C0C24DC6298BCFC0008E285A /* Presenter */,
				C07E5E932989BCB1004B2654 /* Service */,
			);
			path = StocksScreen;
			sourceTree = "<group>";
		};
		C092564C2979930B00C342B1 /* Application */ = {
			isa = PBXGroup;
			children = (
				C0D094B029743374008359A4 /* Info.plist */,
				C0D094AD29743374008359A4 /* LaunchScreen.storyboard */,
				C0D094A229743373008359A4 /* AppDelegate.swift */,
			);
			path = Application;
			sourceTree = "<group>";
		};
		C092564E2979936400C342B1 /* Cell */ = {
			isa = PBXGroup;
			children = (
				C09256432978768400C342B1 /* StockCell.swift */,
			);
			path = Cell;
			sourceTree = "<group>";
		};
		C092564F2979937500C342B1 /* View */ = {
			isa = PBXGroup;
			children = (
				C0D094A629743373008359A4 /* StocksViewController.swift */,
				C092564E2979936400C342B1 /* Cell */,
			);
			path = View;
			sourceTree = "<group>";
		};
		C0C24DC6298BCFC0008E285A /* Presenter */ = {
			isa = PBXGroup;
			children = (
				C0C24DC8298BD086008E285A /* StocksPresenter.swift */,
			);
			path = Presenter;
			sourceTree = "<group>";
		};
		C0C24DC7298BCFCE008E285A /* Model */ = {
			isa = PBXGroup;
			children = (
				C08A8A46298FE0F50004D152 /* StockModel.swift */,
			);
			path = Model;
			sourceTree = "<group>";
		};
		C0D0949629743373008359A4 = {
			isa = PBXGroup;
			children = (
				C0D094A129743373008359A4 /* StockApp */,
				C0D094A029743373008359A4 /* Products */,
			);
			sourceTree = "<group>";
		};
		C0D094A029743373008359A4 /* Products */ = {
			isa = PBXGroup;
			children = (
				C0D0949F29743373008359A4 /* StockApp.app */,
			);
			name = Products;
			sourceTree = "<group>";
		};
		C0D094A129743373008359A4 /* StockApp */ = {
			isa = PBXGroup;
			children = (
				C09256462979925700C342B1 /* Core */,
				C092564C2979930B00C342B1 /* Application */,
				C09256452979923700C342B1 /* Resoucres */,
				C092564A297992EC00C342B1 /* Screens */,
			);
			path = StockApp;
			sourceTree = "<group>";
		};
/* End PBXGroup section */

/* Begin PBXNativeTarget section */
		C0D0949E29743373008359A4 /* StockApp */ = {
			isa = PBXNativeTarget;
			buildConfigurationList = C0D094B329743374008359A4 /* Build configuration list for PBXNativeTarget "StockApp" */;
			buildPhases = (
				C0D0949B29743373008359A4 /* Sources */,
				C0D0949C29743373008359A4 /* Frameworks */,
				C0D0949D29743373008359A4 /* Resources */,
			);
			buildRules = (
			);
			dependencies = (
			);
			name = StockApp;
			packageProductDependencies = (
				C01391FF29AB903A008B74F8 /* Algorithms */,
				C013920229AB906A008B74F8 /* Charts */,
			);
			productName = StockApp;
			productReference = C0D0949F29743373008359A4 /* StockApp.app */;
			productType = "com.apple.product-type.application";
		};
/* End PBXNativeTarget section */

/* Begin PBXProject section */
		C0D0949729743373008359A4 /* Project object */ = {
			isa = PBXProject;
			attributes = {
				BuildIndependentTargetsInParallel = 1;
				LastSwiftUpdateCheck = 1420;
				LastUpgradeCheck = 1420;
				TargetAttributes = {
					C0D0949E29743373008359A4 = {
						CreatedOnToolsVersion = 14.2;
					};
				};
			};
			buildConfigurationList = C0D0949A29743373008359A4 /* Build configuration list for PBXProject "StockApp" */;
			compatibilityVersion = "Xcode 13.0";
			developmentRegion = en;
			hasScannedForEncodings = 0;
			knownRegions = (
				en,
				Base,
			);
			mainGroup = C0D0949629743373008359A4;
			packageReferences = (
				C01391FE29AB903A008B74F8 /* XCRemoteSwiftPackageReference "swift-algorithms" */,
				C013920129AB906A008B74F8 /* XCRemoteSwiftPackageReference "Charts" */,
			);
			productRefGroup = C0D094A029743373008359A4 /* Products */;
			projectDirPath = "";
			projectRoot = "";
			targets = (
				C0D0949E29743373008359A4 /* StockApp */,
			);
		};
/* End PBXProject section */

/* Begin PBXResourcesBuildPhase section */
		C0D0949D29743373008359A4 /* Resources */ = {
			isa = PBXResourcesBuildPhase;
			buildActionMask = 2147483647;
			files = (
				C0487515297A9E5300B3B653 /* Montserrat-Bold.ttf in Resources */,
				C0487513297A9E3800B3B653 /* Montserrat-Regular.ttf in Resources */,
				C0D094AF29743374008359A4 /* LaunchScreen.storyboard in Resources */,
				C0D094AC29743374008359A4 /* Assets.xcassets in Resources */,
				C048751A297A9E7800B3B653 /* Montserrat-Medium.ttf in Resources */,
				C0487517297A9E6500B3B653 /* Montserrat-SemiBold.ttf in Resources */,
			);
			runOnlyForDeploymentPostprocessing = 0;
		};
/* End PBXResourcesBuildPhase section */

/* Begin PBXSourcesBuildPhase section */
		C0D0949B29743373008359A4 /* Sources */ = {
			isa = PBXSourcesBuildPhase;
			buildActionMask = 2147483647;
			files = (
				C08A8A47298FE0F50004D152 /* StockModel.swift in Sources */,
				C0C24DC9298BD086008E285A /* StocksPresenter.swift in Sources */,
				C01391F529AB7378008B74F8 /* ChartsContainerView.swift in Sources */,
				C0C24DB0298AC6F1008E285A /* StockResponse.swift in Sources */,
				C07E5E922989B624004B2654 /* NetworkService.swift in Sources */,
				C01391C2299E5686008B74F8 /* FileManagerFavoriteService.swift in Sources */,
				C0D094A729743373008359A4 /* StocksViewController.swift in Sources */,
				C01391BC299E3F08008B74F8 /* StockDetailViewController.swift in Sources */,
				C0C24DC5298AF550008E285A /* Assembly.swift in Sources */,
				C08A8A49298FE1530004D152 /* Double+Ext.swift in Sources */,
				C01391BE299E3F68008B74F8 /* StockDetailPresenter.swift in Sources */,
				C09256492979927800C342B1 /* NSObject+Ext.swift in Sources */,
				C0D094A329743373008359A4 /* AppDelegate.swift in Sources */,
				C01391C0299E550F008B74F8 /* FavoriteUpdateService.swift in Sources */,
				C0C24DC3298AF0F9008E285A /* StocksRouter.swift in Sources */,
				C01391F129AB59C0008B74F8 /* FavoriteViewController.swift in Sources */,
				C01391EA29A686A2008B74F8 /* ChartsResponce.swift in Sources */,
				C028A05B298158300012CE9B /* Router.swift in Sources */,
				C01391EC29AB56ED008B74F8 /* DetailTitleView.swift in Sources */,
				C028A05C298158300012CE9B /* HTTPMethod.swift in Sources */,
				C048751F297AA02400B3B653 /* UIColor+Ext.swift in Sources */,
				C01391B6299D34BB008B74F8 /* FavoriteService.swift in Sources */,
				C0C24DAB298AC528008E285A /* StocksService.swift in Sources */,
				C028A05D298158300012CE9B /* NetworkError.swift in Sources */,
				C048751C297A9E8B00B3B653 /* UIFont+Ext.swift in Sources */,
				C01391F329AB5A5B008B74F8 /* FavoritePresenter.swift in Sources */,
				C09256442978768400C342B1 /* StockCell.swift in Sources */,
			);
			runOnlyForDeploymentPostprocessing = 0;
		};
/* End PBXSourcesBuildPhase section */

/* Begin PBXVariantGroup section */
		C0D094AD29743374008359A4 /* LaunchScreen.storyboard */ = {
			isa = PBXVariantGroup;
			children = (
				C0D094AE29743374008359A4 /* Base */,
			);
			name = LaunchScreen.storyboard;
			sourceTree = "<group>";
		};
/* End PBXVariantGroup section */

/* Begin XCBuildConfiguration section */
		C0D094B129743374008359A4 /* Debug */ = {
			isa = XCBuildConfiguration;
			buildSettings = {
				ALWAYS_SEARCH_USER_PATHS = NO;
				CLANG_ANALYZER_NONNULL = YES;
				CLANG_ANALYZER_NUMBER_OBJECT_CONVERSION = YES_AGGRESSIVE;
				CLANG_CXX_LANGUAGE_STANDARD = "gnu++20";
				CLANG_ENABLE_MODULES = YES;
				CLANG_ENABLE_OBJC_ARC = YES;
				CLANG_ENABLE_OBJC_WEAK = YES;
				CLANG_WARN_BLOCK_CAPTURE_AUTORELEASING = YES;
				CLANG_WARN_BOOL_CONVERSION = YES;
				CLANG_WARN_COMMA = YES;
				CLANG_WARN_CONSTANT_CONVERSION = YES;
				CLANG_WARN_DEPRECATED_OBJC_IMPLEMENTATIONS = YES;
				CLANG_WARN_DIRECT_OBJC_ISA_USAGE = YES_ERROR;
				CLANG_WARN_DOCUMENTATION_COMMENTS = YES;
				CLANG_WARN_EMPTY_BODY = YES;
				CLANG_WARN_ENUM_CONVERSION = YES;
				CLANG_WARN_INFINITE_RECURSION = YES;
				CLANG_WARN_INT_CONVERSION = YES;
				CLANG_WARN_NON_LITERAL_NULL_CONVERSION = YES;
				CLANG_WARN_OBJC_IMPLICIT_RETAIN_SELF = YES;
				CLANG_WARN_OBJC_LITERAL_CONVERSION = YES;
				CLANG_WARN_OBJC_ROOT_CLASS = YES_ERROR;
				CLANG_WARN_QUOTED_INCLUDE_IN_FRAMEWORK_HEADER = YES;
				CLANG_WARN_RANGE_LOOP_ANALYSIS = YES;
				CLANG_WARN_STRICT_PROTOTYPES = YES;
				CLANG_WARN_SUSPICIOUS_MOVE = YES;
				CLANG_WARN_UNGUARDED_AVAILABILITY = YES_AGGRESSIVE;
				CLANG_WARN_UNREACHABLE_CODE = YES;
				CLANG_WARN__DUPLICATE_METHOD_MATCH = YES;
				COPY_PHASE_STRIP = NO;
				DEBUG_INFORMATION_FORMAT = dwarf;
				ENABLE_STRICT_OBJC_MSGSEND = YES;
				ENABLE_TESTABILITY = YES;
				GCC_C_LANGUAGE_STANDARD = gnu11;
				GCC_DYNAMIC_NO_PIC = NO;
				GCC_NO_COMMON_BLOCKS = YES;
				GCC_OPTIMIZATION_LEVEL = 0;
				GCC_PREPROCESSOR_DEFINITIONS = (
					"DEBUG=1",
					"$(inherited)",
				);
				GCC_WARN_64_TO_32_BIT_CONVERSION = YES;
				GCC_WARN_ABOUT_RETURN_TYPE = YES_ERROR;
				GCC_WARN_UNDECLARED_SELECTOR = YES;
				GCC_WARN_UNINITIALIZED_AUTOS = YES_AGGRESSIVE;
				GCC_WARN_UNUSED_FUNCTION = YES;
				GCC_WARN_UNUSED_VARIABLE = YES;
				IPHONEOS_DEPLOYMENT_TARGET = 16.2;
				MTL_ENABLE_DEBUG_INFO = INCLUDE_SOURCE;
				MTL_FAST_MATH = YES;
				ONLY_ACTIVE_ARCH = YES;
				SDKROOT = iphoneos;
				SWIFT_ACTIVE_COMPILATION_CONDITIONS = DEBUG;
				SWIFT_OPTIMIZATION_LEVEL = "-Onone";
			};
			name = Debug;
		};
		C0D094B229743374008359A4 /* Release */ = {
			isa = XCBuildConfiguration;
			buildSettings = {
				ALWAYS_SEARCH_USER_PATHS = NO;
				CLANG_ANALYZER_NONNULL = YES;
				CLANG_ANALYZER_NUMBER_OBJECT_CONVERSION = YES_AGGRESSIVE;
				CLANG_CXX_LANGUAGE_STANDARD = "gnu++20";
				CLANG_ENABLE_MODULES = YES;
				CLANG_ENABLE_OBJC_ARC = YES;
				CLANG_ENABLE_OBJC_WEAK = YES;
				CLANG_WARN_BLOCK_CAPTURE_AUTORELEASING = YES;
				CLANG_WARN_BOOL_CONVERSION = YES;
				CLANG_WARN_COMMA = YES;
				CLANG_WARN_CONSTANT_CONVERSION = YES;
				CLANG_WARN_DEPRECATED_OBJC_IMPLEMENTATIONS = YES;
				CLANG_WARN_DIRECT_OBJC_ISA_USAGE = YES_ERROR;
				CLANG_WARN_DOCUMENTATION_COMMENTS = YES;
				CLANG_WARN_EMPTY_BODY = YES;
				CLANG_WARN_ENUM_CONVERSION = YES;
				CLANG_WARN_INFINITE_RECURSION = YES;
				CLANG_WARN_INT_CONVERSION = YES;
				CLANG_WARN_NON_LITERAL_NULL_CONVERSION = YES;
				CLANG_WARN_OBJC_IMPLICIT_RETAIN_SELF = YES;
				CLANG_WARN_OBJC_LITERAL_CONVERSION = YES;
				CLANG_WARN_OBJC_ROOT_CLASS = YES_ERROR;
				CLANG_WARN_QUOTED_INCLUDE_IN_FRAMEWORK_HEADER = YES;
				CLANG_WARN_RANGE_LOOP_ANALYSIS = YES;
				CLANG_WARN_STRICT_PROTOTYPES = YES;
				CLANG_WARN_SUSPICIOUS_MOVE = YES;
				CLANG_WARN_UNGUARDED_AVAILABILITY = YES_AGGRESSIVE;
				CLANG_WARN_UNREACHABLE_CODE = YES;
				CLANG_WARN__DUPLICATE_METHOD_MATCH = YES;
				COPY_PHASE_STRIP = NO;
				DEBUG_INFORMATION_FORMAT = "dwarf-with-dsym";
				ENABLE_NS_ASSERTIONS = NO;
				ENABLE_STRICT_OBJC_MSGSEND = YES;
				GCC_C_LANGUAGE_STANDARD = gnu11;
				GCC_NO_COMMON_BLOCKS = YES;
				GCC_WARN_64_TO_32_BIT_CONVERSION = YES;
				GCC_WARN_ABOUT_RETURN_TYPE = YES_ERROR;
				GCC_WARN_UNDECLARED_SELECTOR = YES;
				GCC_WARN_UNINITIALIZED_AUTOS = YES_AGGRESSIVE;
				GCC_WARN_UNUSED_FUNCTION = YES;
				GCC_WARN_UNUSED_VARIABLE = YES;
				IPHONEOS_DEPLOYMENT_TARGET = 16.2;
				MTL_ENABLE_DEBUG_INFO = NO;
				MTL_FAST_MATH = YES;
				SDKROOT = iphoneos;
				SWIFT_COMPILATION_MODE = wholemodule;
				SWIFT_OPTIMIZATION_LEVEL = "-O";
				VALIDATE_PRODUCT = YES;
			};
			name = Release;
		};
		C0D094B429743374008359A4 /* Debug */ = {
			isa = XCBuildConfiguration;
			buildSettings = {
				ASSETCATALOG_COMPILER_APPICON_NAME = AppIcon;
				ASSETCATALOG_COMPILER_GLOBAL_ACCENT_COLOR_NAME = AccentColor;
				CODE_SIGN_STYLE = Automatic;
				CURRENT_PROJECT_VERSION = 1;
				DEVELOPMENT_TEAM = Y9QHBXLG7J;
				GENERATE_INFOPLIST_FILE = YES;
				INFOPLIST_FILE = StockApp/Application/Info.plist;
				INFOPLIST_KEY_UIApplicationSupportsIndirectInputEvents = YES;
				INFOPLIST_KEY_UILaunchStoryboardName = LaunchScreen;
				INFOPLIST_KEY_UISupportedInterfaceOrientations_iPad = "UIInterfaceOrientationPortrait UIInterfaceOrientationPortraitUpsideDown UIInterfaceOrientationLandscapeLeft UIInterfaceOrientationLandscapeRight";
				INFOPLIST_KEY_UISupportedInterfaceOrientations_iPhone = "UIInterfaceOrientationPortrait UIInterfaceOrientationLandscapeLeft UIInterfaceOrientationLandscapeRight";
				LD_RUNPATH_SEARCH_PATHS = (
					"$(inherited)",
					"@executable_path/Frameworks",
				);
				MARKETING_VERSION = 1.0;
				PRODUCT_BUNDLE_IDENTIFIER = Almaz.StockApp;
				PRODUCT_NAME = "$(TARGET_NAME)";
				SWIFT_EMIT_LOC_STRINGS = YES;
				SWIFT_VERSION = 5.0;
				TARGETED_DEVICE_FAMILY = "1,2";
			};
			name = Debug;
		};
		C0D094B529743374008359A4 /* Release */ = {
			isa = XCBuildConfiguration;
			buildSettings = {
				ASSETCATALOG_COMPILER_APPICON_NAME = AppIcon;
				ASSETCATALOG_COMPILER_GLOBAL_ACCENT_COLOR_NAME = AccentColor;
				CODE_SIGN_STYLE = Automatic;
				CURRENT_PROJECT_VERSION = 1;
				DEVELOPMENT_TEAM = Y9QHBXLG7J;
				GENERATE_INFOPLIST_FILE = YES;
				INFOPLIST_FILE = StockApp/Application/Info.plist;
				INFOPLIST_KEY_UIApplicationSupportsIndirectInputEvents = YES;
				INFOPLIST_KEY_UILaunchStoryboardName = LaunchScreen;
				INFOPLIST_KEY_UISupportedInterfaceOrientations_iPad = "UIInterfaceOrientationPortrait UIInterfaceOrientationPortraitUpsideDown UIInterfaceOrientationLandscapeLeft UIInterfaceOrientationLandscapeRight";
				INFOPLIST_KEY_UISupportedInterfaceOrientations_iPhone = "UIInterfaceOrientationPortrait UIInterfaceOrientationLandscapeLeft UIInterfaceOrientationLandscapeRight";
				LD_RUNPATH_SEARCH_PATHS = (
					"$(inherited)",
					"@executable_path/Frameworks",
				);
				MARKETING_VERSION = 1.0;
				PRODUCT_BUNDLE_IDENTIFIER = Almaz.StockApp;
				PRODUCT_NAME = "$(TARGET_NAME)";
				SWIFT_EMIT_LOC_STRINGS = YES;
				SWIFT_VERSION = 5.0;
				TARGETED_DEVICE_FAMILY = "1,2";
			};
			name = Release;
		};
/* End XCBuildConfiguration section */

/* Begin XCConfigurationList section */
		C0D0949A29743373008359A4 /* Build configuration list for PBXProject "StockApp" */ = {
			isa = XCConfigurationList;
			buildConfigurations = (
				C0D094B129743374008359A4 /* Debug */,
				C0D094B229743374008359A4 /* Release */,
			);
			defaultConfigurationIsVisible = 0;
			defaultConfigurationName = Release;
		};
		C0D094B329743374008359A4 /* Build configuration list for PBXNativeTarget "StockApp" */ = {
			isa = XCConfigurationList;
			buildConfigurations = (
				C0D094B429743374008359A4 /* Debug */,
				C0D094B529743374008359A4 /* Release */,
			);
			defaultConfigurationIsVisible = 0;
			defaultConfigurationName = Release;
		};
/* End XCConfigurationList section */

/* Begin XCRemoteSwiftPackageReference section */
		C01391FE29AB903A008B74F8 /* XCRemoteSwiftPackageReference "swift-algorithms" */ = {
			isa = XCRemoteSwiftPackageReference;
			repositoryURL = "https://github.com/apple/swift-algorithms.git";
			requirement = {
				branch = main;
				kind = branch;
			};
		};
		C013920129AB906A008B74F8 /* XCRemoteSwiftPackageReference "Charts" */ = {
			isa = XCRemoteSwiftPackageReference;
			repositoryURL = "https://github.com/danielgindi/Charts.git";
			requirement = {
				branch = master;
				kind = branch;
			};
		};
/* End XCRemoteSwiftPackageReference section */

/* Begin XCSwiftPackageProductDependency section */
		C01391FF29AB903A008B74F8 /* Algorithms */ = {
			isa = XCSwiftPackageProductDependency;
			package = C01391FE29AB903A008B74F8 /* XCRemoteSwiftPackageReference "swift-algorithms" */;
			productName = Algorithms;
		};
		C013920229AB906A008B74F8 /* Charts */ = {
			isa = XCSwiftPackageProductDependency;
			package = C013920129AB906A008B74F8 /* XCRemoteSwiftPackageReference "Charts" */;
			productName = Charts;
		};
/* End XCSwiftPackageProductDependency section */
	};
	rootObject = C0D0949729743373008359A4 /* Project object */;
}
